// !$*UTF8*$!
{
	archiveVersion = 1;
	classes = {
	};
	objectVersion = 46;
	objects = {

/* Begin PBXBuildFile section */
		30C3E7E81E75BD2B00414EBF /* main.m in Sources */ = {isa = PBXBuildFile; fileRef = 30C3E7E71E75BD2B00414EBF /* main.m */; };
		30C3E7EB1E75BD2B00414EBF /* AppDelegate.m in Sources */ = {isa = PBXBuildFile; fileRef = 30C3E7EA1E75BD2B00414EBF /* AppDelegate.m */; };
		30C3E7F11E75BD2B00414EBF /* Main.storyboard in Resources */ = {isa = PBXBuildFile; fileRef = 30C3E7EF1E75BD2B00414EBF /* Main.storyboard */; };
		30C3E7F31E75BD2B00414EBF /* Assets.xcassets in Resources */ = {isa = PBXBuildFile; fileRef = 30C3E7F21E75BD2B00414EBF /* Assets.xcassets */; };
		30C3E7F61E75BD2B00414EBF /* LaunchScreen.storyboard in Resources */ = {isa = PBXBuildFile; fileRef = 30C3E7F41E75BD2B00414EBF /* LaunchScreen.storyboard */; };
		30C3E8021E75BEBB00414EBF /* Utils.m in Sources */ = {isa = PBXBuildFile; fileRef = 30C3E8011E75BEBB00414EBF /* Utils.m */; };
		30C3E8081E75C03900414EBF /* Attachment.m in Sources */ = {isa = PBXBuildFile; fileRef = 30C3E8071E75C03900414EBF /* Attachment.m */; };
		30C3E8161E75C3BE00414EBF /* EmailProperty.m in Sources */ = {isa = PBXBuildFile; fileRef = 30C3E8151E75C3BE00414EBF /* EmailProperty.m */; };
		30C3E8191E75C63400414EBF /* Email.m in Sources */ = {isa = PBXBuildFile; fileRef = 30C3E8181E75C63400414EBF /* Email.m */; };
		30C3E81F1E75C92900414EBF /* email_test_attach.eml in Resources */ = {isa = PBXBuildFile; fileRef = 30C3E81A1E75C92900414EBF /* email_test_attach.eml */; };
		30C3E8201E75C92900414EBF /* email_test.eml in Resources */ = {isa = PBXBuildFile; fileRef = 30C3E81B1E75C92900414EBF /* email_test.eml */; };
		30C3E8211E75C92900414EBF /* email_test2.eml in Resources */ = {isa = PBXBuildFile; fileRef = 30C3E81C1E75C92900414EBF /* email_test2.eml */; };
		30C3E8221E75C92900414EBF /* email_test2.msg in Resources */ = {isa = PBXBuildFile; fileRef = 30C3E81D1E75C92900414EBF /* email_test2.msg */; };
		30C3E8231E75C92900414EBF /* README.TXT in Resources */ = {isa = PBXBuildFile; fileRef = 30C3E81E1E75C92900414EBF /* README.TXT */; };
/* End PBXBuildFile section */

/* Begin PBXFileReference section */
		30C3E7E31E75BD2B00414EBF /* Aspose.Email.app */ = {isa = PBXFileReference; explicitFileType = wrapper.application; includeInIndex = 0; path = Aspose.Email.app; sourceTree = BUILT_PRODUCTS_DIR; };
		30C3E7E71E75BD2B00414EBF /* main.m */ = {isa = PBXFileReference; lastKnownFileType = sourcecode.c.objc; path = main.m; sourceTree = "<group>"; };
		30C3E7E91E75BD2B00414EBF /* AppDelegate.h */ = {isa = PBXFileReference; lastKnownFileType = sourcecode.c.h; path = AppDelegate.h; sourceTree = "<group>"; };
		30C3E7EA1E75BD2B00414EBF /* AppDelegate.m */ = {isa = PBXFileReference; lastKnownFileType = sourcecode.c.objc; path = AppDelegate.m; sourceTree = "<group>"; };
		30C3E7F01E75BD2B00414EBF /* Base */ = {isa = PBXFileReference; lastKnownFileType = file.storyboard; name = Base; path = Base.lproj/Main.storyboard; sourceTree = "<group>"; };
		30C3E7F21E75BD2B00414EBF /* Assets.xcassets */ = {isa = PBXFileReference; lastKnownFileType = folder.assetcatalog; path = Assets.xcassets; sourceTree = "<group>"; };
		30C3E7F51E75BD2B00414EBF /* Base */ = {isa = PBXFileReference; lastKnownFileType = file.storyboard; name = Base; path = Base.lproj/LaunchScreen.storyboard; sourceTree = "<group>"; };
		30C3E7F71E75BD2B00414EBF /* Info.plist */ = {isa = PBXFileReference; lastKnownFileType = text.plist.xml; path = Info.plist; sourceTree = "<group>"; };
		30C3E8001E75BEBB00414EBF /* Utils.h */ = {isa = PBXFileReference; fileEncoding = 4; lastKnownFileType = sourcecode.c.h; path = Utils.h; sourceTree = "<group>"; };
		30C3E8011E75BEBB00414EBF /* Utils.m */ = {isa = PBXFileReference; fileEncoding = 4; lastKnownFileType = sourcecode.c.objc; path = Utils.m; sourceTree = "<group>"; };
		30C3E8061E75C03900414EBF /* Attachment.h */ = {isa = PBXFileReference; fileEncoding = 4; lastKnownFileType = sourcecode.c.h; name = Attachment.h; path = Attachments/Attachment.h; sourceTree = "<group>"; };
		30C3E8071E75C03900414EBF /* Attachment.m */ = {isa = PBXFileReference; fileEncoding = 4; lastKnownFileType = sourcecode.c.objc; name = Attachment.m; path = Attachments/Attachment.m; sourceTree = "<group>"; };
		30C3E8141E75C3BE00414EBF /* EmailProperty.h */ = {isa = PBXFileReference; fileEncoding = 4; lastKnownFileType = sourcecode.c.h; name = EmailProperty.h; path = EmailProperties/EmailProperty.h; sourceTree = "<group>"; };
		30C3E8151E75C3BE00414EBF /* EmailProperty.m */ = {isa = PBXFileReference; fileEncoding = 4; lastKnownFileType = sourcecode.c.objc; name = EmailProperty.m; path = EmailProperties/EmailProperty.m; sourceTree = "<group>"; };
		30C3E8171E75C63400414EBF /* Email.h */ = {isa = PBXFileReference; fileEncoding = 4; lastKnownFileType = sourcecode.c.h; name = Email.h; path = Email/Email.h; sourceTree = "<group>"; };
		30C3E8181E75C63400414EBF /* Email.m */ = {isa = PBXFileReference; fileEncoding = 4; lastKnownFileType = sourcecode.c.objc; name = Email.m; path = Email/Email.m; sourceTree = "<group>"; };
		30C3E81A1E75C92900414EBF /* email_test_attach.eml */ = {isa = PBXFileReference; fileEncoding = 4; lastKnownFileType = text; name = email_test_attach.eml; path = Data/email_test_attach.eml; sourceTree = "<group>"; };
		30C3E81B1E75C92900414EBF /* email_test.eml */ = {isa = PBXFileReference; fileEncoding = 4; lastKnownFileType = text; name = email_test.eml; path = Data/email_test.eml; sourceTree = "<group>"; };
		30C3E81C1E75C92900414EBF /* email_test2.eml */ = {isa = PBXFileReference; fileEncoding = 4; lastKnownFileType = text; name = email_test2.eml; path = Data/email_test2.eml; sourceTree = "<group>"; };
		30C3E81D1E75C92900414EBF /* email_test2.msg */ = {isa = PBXFileReference; lastKnownFileType = file; name = email_test2.msg; path = Data/email_test2.msg; sourceTree = "<group>"; };
		30C3E81E1E75C92900414EBF /* README.TXT */ = {isa = PBXFileReference; fileEncoding = 4; lastKnownFileType = text; name = README.TXT; path = Data/README.TXT; sourceTree = "<group>"; };
/* End PBXFileReference section */

/* Begin PBXFrameworksBuildPhase section */
		30C3E7E01E75BD2B00414EBF /* Frameworks */ = {
			isa = PBXFrameworksBuildPhase;
			buildActionMask = 2147483647;
			files = (
			);
			runOnlyForDeploymentPostprocessing = 0;
		};
/* End PBXFrameworksBuildPhase section */

/* Begin PBXGroup section */
		30C3E7DA1E75BD2B00414EBF = {
			isa = PBXGroup;
			children = (
				30C3E7E51E75BD2B00414EBF /* Aspose.Email */,
				30C3E7E41E75BD2B00414EBF /* Products */,
			);
			sourceTree = "<group>";
		};
		30C3E7E41E75BD2B00414EBF /* Products */ = {
			isa = PBXGroup;
			children = (
				30C3E7E31E75BD2B00414EBF /* Aspose.Email.app */,
			);
			name = Products;
			sourceTree = "<group>";
		};
		30C3E7E51E75BD2B00414EBF /* Aspose.Email */ = {
			isa = PBXGroup;
			children = (
				30C3E8001E75BEBB00414EBF /* Utils.h */,
				30C3E8011E75BEBB00414EBF /* Utils.m */,
				30C3E7FF1E75BDAC00414EBF /* Attachments */,
				30C3E7FE1E75BD9C00414EBF /* Email Properties */,
				30C3E7FD1E75BD8B00414EBF /* Email */,
				30C3E7E91E75BD2B00414EBF /* AppDelegate.h */,
				30C3E7EA1E75BD2B00414EBF /* AppDelegate.m */,
				30C3E7EF1E75BD2B00414EBF /* Main.storyboard */,
				30C3E7F21E75BD2B00414EBF /* Assets.xcassets */,
				30C3E7F41E75BD2B00414EBF /* LaunchScreen.storyboard */,
				30C3E7F71E75BD2B00414EBF /* Info.plist */,
				30C3E7E61E75BD2B00414EBF /* Supporting Files */,
				30C3E8091E75C0BF00414EBF /* Data */,
			);
			path = Aspose.Email;
			sourceTree = "<group>";
		};
		30C3E7E61E75BD2B00414EBF /* Supporting Files */ = {
			isa = PBXGroup;
			children = (
				30C3E7E71E75BD2B00414EBF /* main.m */,
			);
			name = "Supporting Files";
			sourceTree = "<group>";
		};
		30C3E7FD1E75BD8B00414EBF /* Email */ = {
			isa = PBXGroup;
			children = (
				30C3E8171E75C63400414EBF /* Email.h */,
				30C3E8181E75C63400414EBF /* Email.m */,
			);
			name = Email;
			sourceTree = "<group>";
		};
		30C3E7FE1E75BD9C00414EBF /* Email Properties */ = {
			isa = PBXGroup;
			children = (
				30C3E8141E75C3BE00414EBF /* EmailProperty.h */,
				30C3E8151E75C3BE00414EBF /* EmailProperty.m */,
			);
			name = "Email Properties";
			sourceTree = "<group>";
		};
		30C3E7FF1E75BDAC00414EBF /* Attachments */ = {
			isa = PBXGroup;
			children = (
				30C3E8061E75C03900414EBF /* Attachment.h */,
				30C3E8071E75C03900414EBF /* Attachment.m */,
			);
			name = Attachments;
			sourceTree = "<group>";
		};
		30C3E8091E75C0BF00414EBF /* Data */ = {
			isa = PBXGroup;
			children = (
				30C3E81A1E75C92900414EBF /* email_test_attach.eml */,
				30C3E81B1E75C92900414EBF /* email_test.eml */,
				30C3E81C1E75C92900414EBF /* email_test2.eml */,
				30C3E81D1E75C92900414EBF /* email_test2.msg */,
				30C3E81E1E75C92900414EBF /* README.TXT */,
			);
			name = Data;
			sourceTree = "<group>";
		};
/* End PBXGroup section */

/* Begin PBXNativeTarget section */
		30C3E7E21E75BD2B00414EBF /* Aspose.Email */ = {
			isa = PBXNativeTarget;
			buildConfigurationList = 30C3E7FA1E75BD2B00414EBF /* Build configuration list for PBXNativeTarget "Aspose.Email" */;
			buildPhases = (
				30C3E7DF1E75BD2B00414EBF /* Sources */,
				30C3E7E01E75BD2B00414EBF /* Frameworks */,
				30C3E7E11E75BD2B00414EBF /* Resources */,
			);
			buildRules = (
			);
			dependencies = (
			);
			name = Aspose.Email;
			productName = Aspose.Email;
			productReference = 30C3E7E31E75BD2B00414EBF /* Aspose.Email.app */;
			productType = "com.apple.product-type.application";
		};
/* End PBXNativeTarget section */

/* Begin PBXProject section */
		30C3E7DB1E75BD2B00414EBF /* Project object */ = {
			isa = PBXProject;
			attributes = {
				LastUpgradeCheck = 0820;
				ORGANIZATIONNAME = Aspose;
				TargetAttributes = {
					30C3E7E21E75BD2B00414EBF = {
						CreatedOnToolsVersion = 8.2.1;
						ProvisioningStyle = Automatic;
					};
				};
			};
			buildConfigurationList = 30C3E7DE1E75BD2B00414EBF /* Build configuration list for PBXProject "Aspose.Email" */;
			compatibilityVersion = "Xcode 3.2";
			developmentRegion = English;
			hasScannedForEncodings = 0;
			knownRegions = (
				en,
				Base,
			);
			mainGroup = 30C3E7DA1E75BD2B00414EBF;
			productRefGroup = 30C3E7E41E75BD2B00414EBF /* Products */;
			projectDirPath = "";
			projectRoot = "";
			targets = (
				30C3E7E21E75BD2B00414EBF /* Aspose.Email */,
			);
		};
/* End PBXProject section */

/* Begin PBXResourcesBuildPhase section */
		30C3E7E11E75BD2B00414EBF /* Resources */ = {
			isa = PBXResourcesBuildPhase;
			buildActionMask = 2147483647;
			files = (
				30C3E81F1E75C92900414EBF /* email_test_attach.eml in Resources */,
				30C3E8201E75C92900414EBF /* email_test.eml in Resources */,
				30C3E7F61E75BD2B00414EBF /* LaunchScreen.storyboard in Resources */,
				30C3E7F31E75BD2B00414EBF /* Assets.xcassets in Resources */,
				30C3E8221E75C92900414EBF /* email_test2.msg in Resources */,
				30C3E8211E75C92900414EBF /* email_test2.eml in Resources */,
				30C3E8231E75C92900414EBF /* README.TXT in Resources */,
				30C3E7F11E75BD2B00414EBF /* Main.storyboard in Resources */,
			);
			runOnlyForDeploymentPostprocessing = 0;
		};
/* End PBXResourcesBuildPhase section */

/* Begin PBXSourcesBuildPhase section */
		30C3E7DF1E75BD2B00414EBF /* Sources */ = {
			isa = PBXSourcesBuildPhase;
			buildActionMask = 2147483647;
			files = (
				30C3E8191E75C63400414EBF /* Email.m in Sources */,
				30C3E8081E75C03900414EBF /* Attachment.m in Sources */,
				30C3E8161E75C3BE00414EBF /* EmailProperty.m in Sources */,
				30C3E8021E75BEBB00414EBF /* Utils.m in Sources */,
				30C3E7EB1E75BD2B00414EBF /* AppDelegate.m in Sources */,
				30C3E7E81E75BD2B00414EBF /* main.m in Sources */,
			);
			runOnlyForDeploymentPostprocessing = 0;
		};
/* End PBXSourcesBuildPhase section */

/* Begin PBXVariantGroup section */
		30C3E7EF1E75BD2B00414EBF /* Main.storyboard */ = {
			isa = PBXVariantGroup;
			children = (
				30C3E7F01E75BD2B00414EBF /* Base */,
			);
			name = Main.storyboard;
			sourceTree = "<group>";
		};
		30C3E7F41E75BD2B00414EBF /* LaunchScreen.storyboard */ = {
			isa = PBXVariantGroup;
			children = (
				30C3E7F51E75BD2B00414EBF /* Base */,
			);
			name = LaunchScreen.storyboard;
			sourceTree = "<group>";
		};
/* End PBXVariantGroup section */

/* Begin XCBuildConfiguration section */
		30C3E7F81E75BD2B00414EBF /* Debug */ = {
			isa = XCBuildConfiguration;
			buildSettings = {
				ALWAYS_SEARCH_USER_PATHS = NO;
				CLANG_ANALYZER_NONNULL = YES;
				CLANG_CXX_LANGUAGE_STANDARD = "gnu++0x";
				CLANG_CXX_LIBRARY = "libc++";
				CLANG_ENABLE_MODULES = YES;
				CLANG_ENABLE_OBJC_ARC = YES;
				CLANG_WARN_BOOL_CONVERSION = YES;
				CLANG_WARN_CONSTANT_CONVERSION = YES;
				CLANG_WARN_DIRECT_OBJC_ISA_USAGE = YES_ERROR;
				CLANG_WARN_DOCUMENTATION_COMMENTS = YES;
				CLANG_WARN_EMPTY_BODY = YES;
				CLANG_WARN_ENUM_CONVERSION = YES;
				CLANG_WARN_INFINITE_RECURSION = YES;
				CLANG_WARN_INT_CONVERSION = YES;
				CLANG_WARN_OBJC_ROOT_CLASS = YES_ERROR;
				CLANG_WARN_SUSPICIOUS_MOVE = YES;
				CLANG_WARN_UNREACHABLE_CODE = YES;
				CLANG_WARN__DUPLICATE_METHOD_MATCH = YES;
				"CODE_SIGN_IDENTITY[sdk=iphoneos*]" = "iPhone Developer";
				COPY_PHASE_STRIP = NO;
				DEBUG_INFORMATION_FORMAT = dwarf;
				ENABLE_STRICT_OBJC_MSGSEND = YES;
				ENABLE_TESTABILITY = YES;
				GCC_C_LANGUAGE_STANDARD = gnu99;
				GCC_DYNAMIC_NO_PIC = NO;
				GCC_NO_COMMON_BLOCKS = YES;
				GCC_OPTIMIZATION_LEVEL = 0;
				GCC_PREPROCESSOR_DEFINITIONS = (
					"DEBUG=1",
					"$(inherited)",
				);
				GCC_WARN_64_TO_32_BIT_CONVERSION = YES;
				GCC_WARN_ABOUT_RETURN_TYPE = YES_ERROR;
				GCC_WARN_UNDECLARED_SELECTOR = YES;
				GCC_WARN_UNINITIALIZED_AUTOS = YES_AGGRESSIVE;
				GCC_WARN_UNUSED_FUNCTION = YES;
				GCC_WARN_UNUSED_VARIABLE = YES;
				IPHONEOS_DEPLOYMENT_TARGET = 10.2;
				MTL_ENABLE_DEBUG_INFO = YES;
				ONLY_ACTIVE_ARCH = YES;
				SDKROOT = iphoneos;
			};
			name = Debug;
		};
		30C3E7F91E75BD2B00414EBF /* Release */ = {
			isa = XCBuildConfiguration;
			buildSettings = {
				ALWAYS_SEARCH_USER_PATHS = NO;
				CLANG_ANALYZER_NONNULL = YES;
				CLANG_CXX_LANGUAGE_STANDARD = "gnu++0x";
				CLANG_CXX_LIBRARY = "libc++";
				CLANG_ENABLE_MODULES = YES;
				CLANG_ENABLE_OBJC_ARC = YES;
				CLANG_WARN_BOOL_CONVERSION = YES;
				CLANG_WARN_CONSTANT_CONVERSION = YES;
				CLANG_WARN_DIRECT_OBJC_ISA_USAGE = YES_ERROR;
				CLANG_WARN_DOCUMENTATION_COMMENTS = YES;
				CLANG_WARN_EMPTY_BODY = YES;
				CLANG_WARN_ENUM_CONVERSION = YES;
				CLANG_WARN_INFINITE_RECURSION = YES;
				CLANG_WARN_INT_CONVERSION = YES;
				CLANG_WARN_OBJC_ROOT_CLASS = YES_ERROR;
				CLANG_WARN_SUSPICIOUS_MOVE = YES;
				CLANG_WARN_UNREACHABLE_CODE = YES;
				CLANG_WARN__DUPLICATE_METHOD_MATCH = YES;
				"CODE_SIGN_IDENTITY[sdk=iphoneos*]" = "iPhone Developer";
				COPY_PHASE_STRIP = NO;
				DEBUG_INFORMATION_FORMAT = "dwarf-with-dsym";
				ENABLE_NS_ASSERTIONS = NO;
				ENABLE_STRICT_OBJC_MSGSEND = YES;
				GCC_C_LANGUAGE_STANDARD = gnu99;
				GCC_NO_COMMON_BLOCKS = YES;
				GCC_WARN_64_TO_32_BIT_CONVERSION = YES;
				GCC_WARN_ABOUT_RETURN_TYPE = YES_ERROR;
				GCC_WARN_UNDECLARED_SELECTOR = YES;
				GCC_WARN_UNINITIALIZED_AUTOS = YES_AGGRESSIVE;
				GCC_WARN_UNUSED_FUNCTION = YES;
				GCC_WARN_UNUSED_VARIABLE = YES;
				IPHONEOS_DEPLOYMENT_TARGET = 10.2;
				MTL_ENABLE_DEBUG_INFO = NO;
				SDKROOT = iphoneos;
				VALIDATE_PRODUCT = YES;
			};
			name = Release;
		};
		30C3E7FB1E75BD2B00414EBF /* Debug */ = {
			isa = XCBuildConfiguration;
			buildSettings = {
				ASSETCATALOG_COMPILER_APPICON_NAME = AppIcon;
				INFOPLIST_FILE = Aspose.Email/Info.plist;
				LD_RUNPATH_SEARCH_PATHS = "$(inherited) @executable_path/Frameworks";
				PRODUCT_BUNDLE_IDENTIFIER = "com.aspose.Aspose-Email";
				PRODUCT_NAME = "$(TARGET_NAME)";
			};
			name = Debug;
		};
		30C3E7FC1E75BD2B00414EBF /* Release */ = {
			isa = XCBuildConfiguration;
			buildSettings = {
				ASSETCATALOG_COMPILER_APPICON_NAME = AppIcon;
				INFOPLIST_FILE = Aspose.Email/Info.plist;
				LD_RUNPATH_SEARCH_PATHS = "$(inherited) @executable_path/Frameworks";
				PRODUCT_BUNDLE_IDENTIFIER = "com.aspose.Aspose-Email";
				PRODUCT_NAME = "$(TARGET_NAME)";
			};
			name = Release;
		};
/* End XCBuildConfiguration section */

/* Begin XCConfigurationList section */
		30C3E7DE1E75BD2B00414EBF /* Build configuration list for PBXProject "Aspose.Email" */ = {
			isa = XCConfigurationList;
			buildConfigurations = (
				30C3E7F81E75BD2B00414EBF /* Debug */,
				30C3E7F91E75BD2B00414EBF /* Release */,
			);
			defaultConfigurationIsVisible = 0;
			defaultConfigurationName = Release;
		};
		30C3E7FA1E75BD2B00414EBF /* Build configuration list for PBXNativeTarget "Aspose.Email" */ = {
			isa = XCConfigurationList;
			buildConfigurations = (
				30C3E7FB1E75BD2B00414EBF /* Debug */,
				30C3E7FC1E75BD2B00414EBF /* Release */,
			);
			defaultConfigurationIsVisible = 0;
			defaultConfigurationName = Release;
		};
/* End XCConfigurationList section */
	};
	rootObject = 30C3E7DB1E75BD2B00414EBF /* Project object */;
}
